{
    "version": 3,
    "terraform_version": "0.11.7",
    "serial": 3,
    "lineage": "3703bffc-b5ad-2ae9-9066-9020baf9a295",
    "modules": [
        {
            "path": [
                "root"
            ],
            "outputs": {},
            "resources": {
                "kubernetes_service.main": {
                    "type": "kubernetes_service",
                    "depends_on": [],
                    "primary": {
                        "id": "default/devops-demo",
                        "attributes": {
                            "id": "default/devops-demo",
                            "load_balancer_ingress.#": "1",
                            "load_balancer_ingress.0.hostname": "",
                            "load_balancer_ingress.0.ip": "35.192.147.20",
                            "metadata.#": "1",
                            "metadata.0.annotations.%": "0",
                            "metadata.0.generate_name": "",
                            "metadata.0.generation": "0",
                            "metadata.0.labels.%": "0",
                            "metadata.0.name": "devops-demo",
                            "metadata.0.namespace": "default",
                            "metadata.0.resource_version": "1133614",
                            "metadata.0.self_link": "/api/v1/namespaces/default/services/devops-demo",
                            "metadata.0.uid": "ef758e3b-8b10-11e8-9484-42010a80005f",
                            "spec.#": "1",
                            "spec.0.cluster_ip": "10.23.255.220",
                            "spec.0.external_ips.#": "0",
                            "spec.0.external_name": "",
                            "spec.0.load_balancer_ip": "",
                            "spec.0.load_balancer_source_ranges.#": "0",
                            "spec.0.port.#": "1",
                            "spec.0.port.0.name": "",
                            "spec.0.port.0.node_port": "30900",
                            "spec.0.port.0.port": "8080",
                            "spec.0.port.0.protocol": "TCP",
                            "spec.0.port.0.target_port": "80",
                            "spec.0.selector.%": "0",
                            "spec.0.session_affinity": "ClientIP",
                            "spec.0.type": "LoadBalancer"
                        },
                        "meta": {},
                        "tainted": false
                    },
                    "deposed": [],
                    "provider": "provider.kubernetes"
                }
            },
            "depends_on": []
        }
    ]
}
